// !$*UTF8*$!
{
	archiveVersion = 1;
	classes = {
	};
	objectVersion = 52;
	objects = {

/* Begin PBXBuildFile section */
		A01A81B828023A300066C733 /* RequestManager.swift in Sources */ = {isa = PBXBuildFile; fileRef = A01A81B728023A300066C733 /* RequestManager.swift */; };
		A01A81BA28023C980066C733 /* NetworkRequest.swift in Sources */ = {isa = PBXBuildFile; fileRef = A01A81B928023C980066C733 /* NetworkRequest.swift */; };
		A01A81C028023ECC0066C733 /* NetworkService.swift in Sources */ = {isa = PBXBuildFile; fileRef = A01A81BF28023ECC0066C733 /* NetworkService.swift */; };
		A02C723C28030B30000C5A00 /* URLBuilder.swift in Sources */ = {isa = PBXBuildFile; fileRef = A02C723B28030B30000C5A00 /* URLBuilder.swift */; };
		A02C723F28031144000C5A00 /* HeroDTO.swift in Sources */ = {isa = PBXBuildFile; fileRef = A02C723E28031144000C5A00 /* HeroDTO.swift */; };
		A02EF14627E54364006587F9 /* InteractorInput.swift in Sources */ = {isa = PBXBuildFile; fileRef = A02EF14527E54364006587F9 /* InteractorInput.swift */; };
		A02EF14827E54382006587F9 /* InteractorOutput.swift in Sources */ = {isa = PBXBuildFile; fileRef = A02EF14727E54382006587F9 /* InteractorOutput.swift */; };
		A02EF14A27E543BA006587F9 /* Interactor.swift in Sources */ = {isa = PBXBuildFile; fileRef = A02EF14927E543BA006587F9 /* Interactor.swift */; };
		A03DEE5627FB8FC80042755F /* ViewOutput.swift in Sources */ = {isa = PBXBuildFile; fileRef = A03DEE5527FB8FC80042755F /* ViewOutput.swift */; };
		A03DEE5827FB8FEA0042755F /* ViewInput.swift in Sources */ = {isa = PBXBuildFile; fileRef = A03DEE5727FB8FEA0042755F /* ViewInput.swift */; };
		A044AA4D27D9684800A78419 /* Presenter.swift in Sources */ = {isa = PBXBuildFile; fileRef = A044AA4C27D9684800A78419 /* Presenter.swift */; };
		A04B96172806059900E88A3E /* LoadImageUseCase.swift in Sources */ = {isa = PBXBuildFile; fileRef = A04B96162806059900E88A3E /* LoadImageUseCase.swift */; };
		A08F4BA927DCAD8F00D72A97 /* DetailViewController.swift in Sources */ = {isa = PBXBuildFile; fileRef = A08F4BA827DCAD8F00D72A97 /* DetailViewController.swift */; };
		A08F4BAC27DCC1A700D72A97 /* Hero in Frameworks */ = {isa = PBXBuildFile; productRef = A08F4BAB27DCC1A700D72A97 /* Hero */; };
		A08F4BAD27DCC1A700D72A97 /* Hero in Embed Frameworks */ = {isa = PBXBuildFile; productRef = A08F4BAB27DCC1A700D72A97 /* Hero */; settings = {ATTRIBUTES = (CodeSignOnCopy, ); }; };
		A0D0B73E27D6683D0049343F /* AppDelegate.swift in Sources */ = {isa = PBXBuildFile; fileRef = A0D0B73D27D6683D0049343F /* AppDelegate.swift */; };
		A0D0B74027D6683D0049343F /* SceneDelegate.swift in Sources */ = {isa = PBXBuildFile; fileRef = A0D0B73F27D6683D0049343F /* SceneDelegate.swift */; };
		A0D0B74227D6683D0049343F /* ViewController.swift in Sources */ = {isa = PBXBuildFile; fileRef = A0D0B74127D6683D0049343F /* ViewController.swift */; };
		A0D0B74727D6683D0049343F /* Assets.xcassets in Resources */ = {isa = PBXBuildFile; fileRef = A0D0B74627D6683D0049343F /* Assets.xcassets */; };
		A0D0B74A27D6683D0049343F /* LaunchScreen.storyboard in Resources */ = {isa = PBXBuildFile; fileRef = A0D0B74827D6683D0049343F /* LaunchScreen.storyboard */; };
		A0D0B75527D6683E0049343F /* FlightsTests.swift in Sources */ = {isa = PBXBuildFile; fileRef = A0D0B75427D6683E0049343F /* FlightsTests.swift */; };
		A0D0B76027D6683E0049343F /* FlightsUITests.swift in Sources */ = {isa = PBXBuildFile; fileRef = A0D0B75F27D6683E0049343F /* FlightsUITests.swift */; };
		A0D0B77027D7B8580049343F /* UIView + Extension.swift in Sources */ = {isa = PBXBuildFile; fileRef = A0D0B76F27D7B8580049343F /* UIView + Extension.swift */; };
		A0D0B77227D7BBB10049343F /* TableViewCell.swift in Sources */ = {isa = PBXBuildFile; fileRef = A0D0B77127D7BBB10049343F /* TableViewCell.swift */; };
/* End PBXBuildFile section */

/* Begin PBXContainerItemProxy section */
		A0D0B75127D6683E0049343F /* PBXContainerItemProxy */ = {
			isa = PBXContainerItemProxy;
			containerPortal = A0D0B73227D6683C0049343F /* Project object */;
			proxyType = 1;
			remoteGlobalIDString = A0D0B73927D6683C0049343F;
			remoteInfo = Flights;
		};
		A0D0B75C27D6683E0049343F /* PBXContainerItemProxy */ = {
			isa = PBXContainerItemProxy;
			containerPortal = A0D0B73227D6683C0049343F /* Project object */;
			proxyType = 1;
			remoteGlobalIDString = A0D0B73927D6683C0049343F;
			remoteInfo = Flights;
		};
/* End PBXContainerItemProxy section */

/* Begin PBXCopyFilesBuildPhase section */
		A08F4BAE27DCC1A700D72A97 /* Embed Frameworks */ = {
			isa = PBXCopyFilesBuildPhase;
			buildActionMask = 2147483647;
			dstPath = "";
			dstSubfolderSpec = 10;
			files = (
				A08F4BAD27DCC1A700D72A97 /* Hero in Embed Frameworks */,
			);
			name = "Embed Frameworks";
			runOnlyForDeploymentPostprocessing = 0;
		};
/* End PBXCopyFilesBuildPhase section */

/* Begin PBXFileReference section */
		A01A81B728023A300066C733 /* RequestManager.swift */ = {isa = PBXFileReference; lastKnownFileType = sourcecode.swift; path = RequestManager.swift; sourceTree = "<group>"; };
		A01A81B928023C980066C733 /* NetworkRequest.swift */ = {isa = PBXFileReference; lastKnownFileType = sourcecode.swift; path = NetworkRequest.swift; sourceTree = "<group>"; };
		A01A81BF28023ECC0066C733 /* NetworkService.swift */ = {isa = PBXFileReference; lastKnownFileType = sourcecode.swift; path = NetworkService.swift; sourceTree = "<group>"; };
		A02C723B28030B30000C5A00 /* URLBuilder.swift */ = {isa = PBXFileReference; lastKnownFileType = sourcecode.swift; path = URLBuilder.swift; sourceTree = "<group>"; };
		A02C723E28031144000C5A00 /* HeroDTO.swift */ = {isa = PBXFileReference; lastKnownFileType = sourcecode.swift; path = HeroDTO.swift; sourceTree = "<group>"; };
		A02EF14527E54364006587F9 /* InteractorInput.swift */ = {isa = PBXFileReference; lastKnownFileType = sourcecode.swift; path = InteractorInput.swift; sourceTree = "<group>"; };
		A02EF14727E54382006587F9 /* InteractorOutput.swift */ = {isa = PBXFileReference; lastKnownFileType = sourcecode.swift; path = InteractorOutput.swift; sourceTree = "<group>"; };
		A02EF14927E543BA006587F9 /* Interactor.swift */ = {isa = PBXFileReference; lastKnownFileType = sourcecode.swift; path = Interactor.swift; sourceTree = "<group>"; };
		A03DEE5527FB8FC80042755F /* ViewOutput.swift */ = {isa = PBXFileReference; lastKnownFileType = sourcecode.swift; path = ViewOutput.swift; sourceTree = "<group>"; };
		A03DEE5727FB8FEA0042755F /* ViewInput.swift */ = {isa = PBXFileReference; lastKnownFileType = sourcecode.swift; path = ViewInput.swift; sourceTree = "<group>"; };
		A044AA4C27D9684800A78419 /* Presenter.swift */ = {isa = PBXFileReference; lastKnownFileType = sourcecode.swift; path = Presenter.swift; sourceTree = "<group>"; };
		A04B96162806059900E88A3E /* LoadImageUseCase.swift */ = {isa = PBXFileReference; lastKnownFileType = sourcecode.swift; path = LoadImageUseCase.swift; sourceTree = "<group>"; };
		A08F4BA827DCAD8F00D72A97 /* DetailViewController.swift */ = {isa = PBXFileReference; lastKnownFileType = sourcecode.swift; path = DetailViewController.swift; sourceTree = "<group>"; };
		A0D0B73A27D6683D0049343F /* Flights.app */ = {isa = PBXFileReference; explicitFileType = wrapper.application; includeInIndex = 0; path = Flights.app; sourceTree = BUILT_PRODUCTS_DIR; };
		A0D0B73D27D6683D0049343F /* AppDelegate.swift */ = {isa = PBXFileReference; lastKnownFileType = sourcecode.swift; path = AppDelegate.swift; sourceTree = "<group>"; };
		A0D0B73F27D6683D0049343F /* SceneDelegate.swift */ = {isa = PBXFileReference; lastKnownFileType = sourcecode.swift; path = SceneDelegate.swift; sourceTree = "<group>"; };
		A0D0B74127D6683D0049343F /* ViewController.swift */ = {isa = PBXFileReference; lastKnownFileType = sourcecode.swift; path = ViewController.swift; sourceTree = "<group>"; };
		A0D0B74627D6683D0049343F /* Assets.xcassets */ = {isa = PBXFileReference; lastKnownFileType = folder.assetcatalog; path = Assets.xcassets; sourceTree = "<group>"; };
		A0D0B74927D6683D0049343F /* Base */ = {isa = PBXFileReference; lastKnownFileType = file.storyboard; name = Base; path = Base.lproj/LaunchScreen.storyboard; sourceTree = "<group>"; };
		A0D0B74B27D6683D0049343F /* Info.plist */ = {isa = PBXFileReference; lastKnownFileType = text.plist.xml; path = Info.plist; sourceTree = "<group>"; };
		A0D0B75027D6683E0049343F /* FlightsTests.xctest */ = {isa = PBXFileReference; explicitFileType = wrapper.cfbundle; includeInIndex = 0; path = FlightsTests.xctest; sourceTree = BUILT_PRODUCTS_DIR; };
		A0D0B75427D6683E0049343F /* FlightsTests.swift */ = {isa = PBXFileReference; lastKnownFileType = sourcecode.swift; path = FlightsTests.swift; sourceTree = "<group>"; };
		A0D0B75627D6683E0049343F /* Info.plist */ = {isa = PBXFileReference; lastKnownFileType = text.plist.xml; path = Info.plist; sourceTree = "<group>"; };
		A0D0B75B27D6683E0049343F /* FlightsUITests.xctest */ = {isa = PBXFileReference; explicitFileType = wrapper.cfbundle; includeInIndex = 0; path = FlightsUITests.xctest; sourceTree = BUILT_PRODUCTS_DIR; };
		A0D0B75F27D6683E0049343F /* FlightsUITests.swift */ = {isa = PBXFileReference; lastKnownFileType = sourcecode.swift; path = FlightsUITests.swift; sourceTree = "<group>"; };
		A0D0B76127D6683E0049343F /* Info.plist */ = {isa = PBXFileReference; lastKnownFileType = text.plist.xml; path = Info.plist; sourceTree = "<group>"; };
		A0D0B76F27D7B8580049343F /* UIView + Extension.swift */ = {isa = PBXFileReference; lastKnownFileType = sourcecode.swift; path = "UIView + Extension.swift"; sourceTree = "<group>"; };
		A0D0B77127D7BBB10049343F /* TableViewCell.swift */ = {isa = PBXFileReference; lastKnownFileType = sourcecode.swift; path = TableViewCell.swift; sourceTree = "<group>"; };
/* End PBXFileReference section */

/* Begin PBXFrameworksBuildPhase section */
		A0D0B73727D6683C0049343F /* Frameworks */ = {
			isa = PBXFrameworksBuildPhase;
			buildActionMask = 2147483647;
			files = (
				A08F4BAC27DCC1A700D72A97 /* Hero in Frameworks */,
			);
			runOnlyForDeploymentPostprocessing = 0;
		};
		A0D0B74D27D6683E0049343F /* Frameworks */ = {
			isa = PBXFrameworksBuildPhase;
			buildActionMask = 2147483647;
			files = (
			);
			runOnlyForDeploymentPostprocessing = 0;
		};
		A0D0B75827D6683E0049343F /* Frameworks */ = {
			isa = PBXFrameworksBuildPhase;
			buildActionMask = 2147483647;
			files = (
			);
			runOnlyForDeploymentPostprocessing = 0;
		};
/* End PBXFrameworksBuildPhase section */

/* Begin PBXGroup section */
		A01A81B4280239800066C733 /* Network */ = {
			isa = PBXGroup;
			children = (
				A02C723B28030B30000C5A00 /* URLBuilder.swift */,
				A01A81B928023C980066C733 /* NetworkRequest.swift */,
				A01A81B728023A300066C733 /* RequestManager.swift */,
				A01A81BF28023ECC0066C733 /* NetworkService.swift */,
			);
			path = Network;
			sourceTree = "<group>";
		};
		A02C723D28031133000C5A00 /* DTO */ = {
			isa = PBXGroup;
			children = (
				A02C723E28031144000C5A00 /* HeroDTO.swift */,
			);
			path = DTO;
			sourceTree = "<group>";
		};
		A02C724228032063000C5A00 /* App-Scene Delegates */ = {
			isa = PBXGroup;
			children = (
				A0D0B73D27D6683D0049343F /* AppDelegate.swift */,
				A0D0B73F27D6683D0049343F /* SceneDelegate.swift */,
			);
			path = "App-Scene Delegates";
			sourceTree = "<group>";
		};
		A02C7243280320D5000C5A00 /* Extensions */ = {
			isa = PBXGroup;
			children = (
				A0D0B76F27D7B8580049343F /* UIView + Extension.swift */,
			);
			path = Extensions;
			sourceTree = "<group>";
		};
		A02C7244280320EC000C5A00 /* Cell */ = {
			isa = PBXGroup;
			children = (
				A0D0B77127D7BBB10049343F /* TableViewCell.swift */,
			);
			path = Cell;
			sourceTree = "<group>";
		};
		A02C7245280320F4000C5A00 /* DetailView */ = {
			isa = PBXGroup;
			children = (
				A08F4BA827DCAD8F00D72A97 /* DetailViewController.swift */,
			);
			path = DetailView;
			sourceTree = "<group>";
		};
		A02EF14C27E543DE006587F9 /* Interactor */ = {
			isa = PBXGroup;
			children = (
				A02EF14927E543BA006587F9 /* Interactor.swift */,
				A02EF14527E54364006587F9 /* InteractorInput.swift */,
				A02EF14727E54382006587F9 /* InteractorOutput.swift */,
				A04B96182806067900E88A3E /* UseCases */,
			);
			path = Interactor;
			sourceTree = "<group>";
		};
		A03DEE5427FB8FB20042755F /* View */ = {
			isa = PBXGroup;
			children = (
				A02C7244280320EC000C5A00 /* Cell */,
				A02C7245280320F4000C5A00 /* DetailView */,
				A0D0B74127D6683D0049343F /* ViewController.swift */,
				A03DEE5527FB8FC80042755F /* ViewOutput.swift */,
				A03DEE5727FB8FEA0042755F /* ViewInput.swift */,
			);
			path = View;
			sourceTree = "<group>";
		};
		A03DEE5927FB908F0042755F /* Presenter */ = {
			isa = PBXGroup;
			children = (
				A044AA4C27D9684800A78419 /* Presenter.swift */,
			);
			path = Presenter;
			sourceTree = "<group>";
		};
		A04B96182806067900E88A3E /* UseCases */ = {
			isa = PBXGroup;
			children = (
				A04B96162806059900E88A3E /* LoadImageUseCase.swift */,
			);
			path = UseCases;
			sourceTree = "<group>";
		};
		A0D0B73127D6683C0049343F = {
			isa = PBXGroup;
			children = (
				A0D0B73C27D6683D0049343F /* Flights */,
				A0D0B75327D6683E0049343F /* FlightsTests */,
				A0D0B75E27D6683E0049343F /* FlightsUITests */,
				A0D0B73B27D6683D0049343F /* Products */,
			);
			sourceTree = "<group>";
		};
		A0D0B73B27D6683D0049343F /* Products */ = {
			isa = PBXGroup;
			children = (
				A0D0B73A27D6683D0049343F /* Flights.app */,
				A0D0B75027D6683E0049343F /* FlightsTests.xctest */,
				A0D0B75B27D6683E0049343F /* FlightsUITests.xctest */,
			);
			name = Products;
			sourceTree = "<group>";
		};
		A0D0B73C27D6683D0049343F /* Flights */ = {
			isa = PBXGroup;
			children = (
				A02C724228032063000C5A00 /* App-Scene Delegates */,
				A02C723D28031133000C5A00 /* DTO */,
				A01A81B4280239800066C733 /* Network */,
				A03DEE5427FB8FB20042755F /* View */,
				A03DEE5927FB908F0042755F /* Presenter */,
				A02EF14C27E543DE006587F9 /* Interactor */,
				A02C7243280320D5000C5A00 /* Extensions */,
				A0D0B74627D6683D0049343F /* Assets.xcassets */,
				A0D0B74827D6683D0049343F /* LaunchScreen.storyboard */,
				A0D0B74B27D6683D0049343F /* Info.plist */,
			);
			path = Flights;
			sourceTree = "<group>";
		};
		A0D0B75327D6683E0049343F /* FlightsTests */ = {
			isa = PBXGroup;
			children = (
				A0D0B75427D6683E0049343F /* FlightsTests.swift */,
				A0D0B75627D6683E0049343F /* Info.plist */,
			);
			path = FlightsTests;
			sourceTree = "<group>";
		};
		A0D0B75E27D6683E0049343F /* FlightsUITests */ = {
			isa = PBXGroup;
			children = (
				A0D0B75F27D6683E0049343F /* FlightsUITests.swift */,
				A0D0B76127D6683E0049343F /* Info.plist */,
			);
			path = FlightsUITests;
			sourceTree = "<group>";
		};
/* End PBXGroup section */

/* Begin PBXNativeTarget section */
		A0D0B73927D6683C0049343F /* Flights */ = {
			isa = PBXNativeTarget;
			buildConfigurationList = A0D0B76427D6683E0049343F /* Build configuration list for PBXNativeTarget "Flights" */;
			buildPhases = (
				A0D0B73627D6683C0049343F /* Sources */,
				A0D0B73727D6683C0049343F /* Frameworks */,
				A0D0B73827D6683C0049343F /* Resources */,
				A08F4BAE27DCC1A700D72A97 /* Embed Frameworks */,
			);
			buildRules = (
			);
			dependencies = (
			);
			name = Flights;
			packageProductDependencies = (
				A08F4BAB27DCC1A700D72A97 /* Hero */,
			);
			productName = Flights;
			productReference = A0D0B73A27D6683D0049343F /* Flights.app */;
			productType = "com.apple.product-type.application";
		};
		A0D0B74F27D6683E0049343F /* FlightsTests */ = {
			isa = PBXNativeTarget;
			buildConfigurationList = A0D0B76727D6683E0049343F /* Build configuration list for PBXNativeTarget "FlightsTests" */;
			buildPhases = (
				A0D0B74C27D6683E0049343F /* Sources */,
				A0D0B74D27D6683E0049343F /* Frameworks */,
				A0D0B74E27D6683E0049343F /* Resources */,
			);
			buildRules = (
			);
			dependencies = (
				A0D0B75227D6683E0049343F /* PBXTargetDependency */,
			);
			name = FlightsTests;
			productName = FlightsTests;
			productReference = A0D0B75027D6683E0049343F /* FlightsTests.xctest */;
			productType = "com.apple.product-type.bundle.unit-test";
		};
		A0D0B75A27D6683E0049343F /* FlightsUITests */ = {
			isa = PBXNativeTarget;
			buildConfigurationList = A0D0B76A27D6683E0049343F /* Build configuration list for PBXNativeTarget "FlightsUITests" */;
			buildPhases = (
				A0D0B75727D6683E0049343F /* Sources */,
				A0D0B75827D6683E0049343F /* Frameworks */,
				A0D0B75927D6683E0049343F /* Resources */,
			);
			buildRules = (
			);
			dependencies = (
				A0D0B75D27D6683E0049343F /* PBXTargetDependency */,
			);
			name = FlightsUITests;
			productName = FlightsUITests;
			productReference = A0D0B75B27D6683E0049343F /* FlightsUITests.xctest */;
			productType = "com.apple.product-type.bundle.ui-testing";
		};
/* End PBXNativeTarget section */

/* Begin PBXProject section */
		A0D0B73227D6683C0049343F /* Project object */ = {
			isa = PBXProject;
			attributes = {
				LastSwiftUpdateCheck = 1250;
				LastUpgradeCheck = 1250;
				TargetAttributes = {
					A0D0B73927D6683C0049343F = {
						CreatedOnToolsVersion = 12.5.1;
					};
					A0D0B74F27D6683E0049343F = {
						CreatedOnToolsVersion = 12.5.1;
						TestTargetID = A0D0B73927D6683C0049343F;
					};
					A0D0B75A27D6683E0049343F = {
						CreatedOnToolsVersion = 12.5.1;
						TestTargetID = A0D0B73927D6683C0049343F;
					};
				};
			};
			buildConfigurationList = A0D0B73527D6683C0049343F /* Build configuration list for PBXProject "Flights" */;
			compatibilityVersion = "Xcode 9.3";
			developmentRegion = en;
			hasScannedForEncodings = 0;
			knownRegions = (
				en,
				Base,
			);
			mainGroup = A0D0B73127D6683C0049343F;
			packageReferences = (
				A08F4BAA27DCC1A700D72A97 /* XCRemoteSwiftPackageReference "Hero" */,
			);
			productRefGroup = A0D0B73B27D6683D0049343F /* Products */;
			projectDirPath = "";
			projectRoot = "";
			targets = (
				A0D0B73927D6683C0049343F /* Flights */,
				A0D0B74F27D6683E0049343F /* FlightsTests */,
				A0D0B75A27D6683E0049343F /* FlightsUITests */,
			);
		};
/* End PBXProject section */

/* Begin PBXResourcesBuildPhase section */
		A0D0B73827D6683C0049343F /* Resources */ = {
			isa = PBXResourcesBuildPhase;
			buildActionMask = 2147483647;
			files = (
				A0D0B74A27D6683D0049343F /* LaunchScreen.storyboard in Resources */,
				A0D0B74727D6683D0049343F /* Assets.xcassets in Resources */,
			);
			runOnlyForDeploymentPostprocessing = 0;
		};
		A0D0B74E27D6683E0049343F /* Resources */ = {
			isa = PBXResourcesBuildPhase;
			buildActionMask = 2147483647;
			files = (
			);
			runOnlyForDeploymentPostprocessing = 0;
		};
		A0D0B75927D6683E0049343F /* Resources */ = {
			isa = PBXResourcesBuildPhase;
			buildActionMask = 2147483647;
			files = (
			);
			runOnlyForDeploymentPostprocessing = 0;
		};
/* End PBXResourcesBuildPhase section */

/* Begin PBXSourcesBuildPhase section */
		A0D0B73627D6683C0049343F /* Sources */ = {
			isa = PBXSourcesBuildPhase;
			buildActionMask = 2147483647;
			files = (
				A0D0B77227D7BBB10049343F /* TableViewCell.swift in Sources */,
				A044AA4D27D9684800A78419 /* Presenter.swift in Sources */,
				A02EF14A27E543BA006587F9 /* Interactor.swift in Sources */,
				A03DEE5627FB8FC80042755F /* ViewOutput.swift in Sources */,
				A03DEE5827FB8FEA0042755F /* ViewInput.swift in Sources */,
				A0D0B77027D7B8580049343F /* UIView + Extension.swift in Sources */,
				A02EF14627E54364006587F9 /* InteractorInput.swift in Sources */,
				A02C723C28030B30000C5A00 /* URLBuilder.swift in Sources */,
				A02C723F28031144000C5A00 /* HeroDTO.swift in Sources */,
				A01A81C028023ECC0066C733 /* NetworkService.swift in Sources */,
				A0D0B74227D6683D0049343F /* ViewController.swift in Sources */,
				A02EF14827E54382006587F9 /* InteractorOutput.swift in Sources */,
				A0D0B73E27D6683D0049343F /* AppDelegate.swift in Sources */,
				A0D0B74027D6683D0049343F /* SceneDelegate.swift in Sources */,
				A08F4BA927DCAD8F00D72A97 /* DetailViewController.swift in Sources */,
				A01A81B828023A300066C733 /* RequestManager.swift in Sources */,
				A01A81BA28023C980066C733 /* NetworkRequest.swift in Sources */,
				A04B96172806059900E88A3E /* LoadImageUseCase.swift in Sources */,
			);
			runOnlyForDeploymentPostprocessing = 0;
		};
		A0D0B74C27D6683E0049343F /* Sources */ = {
			isa = PBXSourcesBuildPhase;
			buildActionMask = 2147483647;
			files = (
				A0D0B75527D6683E0049343F /* FlightsTests.swift in Sources */,
			);
			runOnlyForDeploymentPostprocessing = 0;
		};
		A0D0B75727D6683E0049343F /* Sources */ = {
			isa = PBXSourcesBuildPhase;
			buildActionMask = 2147483647;
			files = (
				A0D0B76027D6683E0049343F /* FlightsUITests.swift in Sources */,
			);
			runOnlyForDeploymentPostprocessing = 0;
		};
/* End PBXSourcesBuildPhase section */

/* Begin PBXTargetDependency section */
		A0D0B75227D6683E0049343F /* PBXTargetDependency */ = {
			isa = PBXTargetDependency;
			target = A0D0B73927D6683C0049343F /* Flights */;
			targetProxy = A0D0B75127D6683E0049343F /* PBXContainerItemProxy */;
		};
		A0D0B75D27D6683E0049343F /* PBXTargetDependency */ = {
			isa = PBXTargetDependency;
			target = A0D0B73927D6683C0049343F /* Flights */;
			targetProxy = A0D0B75C27D6683E0049343F /* PBXContainerItemProxy */;
		};
/* End PBXTargetDependency section */

/* Begin PBXVariantGroup section */
		A0D0B74827D6683D0049343F /* LaunchScreen.storyboard */ = {
			isa = PBXVariantGroup;
			children = (
				A0D0B74927D6683D0049343F /* Base */,
			);
			name = LaunchScreen.storyboard;
			sourceTree = "<group>";
		};
/* End PBXVariantGroup section */

/* Begin XCBuildConfiguration section */
		A0D0B76227D6683E0049343F /* Debug */ = {
			isa = XCBuildConfiguration;
			buildSettings = {
				ALWAYS_SEARCH_USER_PATHS = NO;
				CLANG_ANALYZER_NONNULL = YES;
				CLANG_ANALYZER_NUMBER_OBJECT_CONVERSION = YES_AGGRESSIVE;
				CLANG_CXX_LANGUAGE_STANDARD = "gnu++14";
				CLANG_CXX_LIBRARY = "libc++";
				CLANG_ENABLE_MODULES = YES;
				CLANG_ENABLE_OBJC_ARC = YES;
				CLANG_ENABLE_OBJC_WEAK = YES;
				CLANG_WARN_BLOCK_CAPTURE_AUTORELEASING = YES;
				CLANG_WARN_BOOL_CONVERSION = YES;
				CLANG_WARN_COMMA = YES;
				CLANG_WARN_CONSTANT_CONVERSION = YES;
				CLANG_WARN_DEPRECATED_OBJC_IMPLEMENTATIONS = YES;
				CLANG_WARN_DIRECT_OBJC_ISA_USAGE = YES_ERROR;
				CLANG_WARN_DOCUMENTATION_COMMENTS = YES;
				CLANG_WARN_EMPTY_BODY = YES;
				CLANG_WARN_ENUM_CONVERSION = YES;
				CLANG_WARN_INFINITE_RECURSION = YES;
				CLANG_WARN_INT_CONVERSION = YES;
				CLANG_WARN_NON_LITERAL_NULL_CONVERSION = YES;
				CLANG_WARN_OBJC_IMPLICIT_RETAIN_SELF = YES;
				CLANG_WARN_OBJC_LITERAL_CONVERSION = YES;
				CLANG_WARN_OBJC_ROOT_CLASS = YES_ERROR;
				CLANG_WARN_QUOTED_INCLUDE_IN_FRAMEWORK_HEADER = YES;
				CLANG_WARN_RANGE_LOOP_ANALYSIS = YES;
				CLANG_WARN_STRICT_PROTOTYPES = YES;
				CLANG_WARN_SUSPICIOUS_MOVE = YES;
				CLANG_WARN_UNGUARDED_AVAILABILITY = YES_AGGRESSIVE;
				CLANG_WARN_UNREACHABLE_CODE = YES;
				CLANG_WARN__DUPLICATE_METHOD_MATCH = YES;
				COPY_PHASE_STRIP = NO;
				DEBUG_INFORMATION_FORMAT = dwarf;
				ENABLE_STRICT_OBJC_MSGSEND = YES;
				ENABLE_TESTABILITY = YES;
				GCC_C_LANGUAGE_STANDARD = gnu11;
				GCC_DYNAMIC_NO_PIC = NO;
				GCC_NO_COMMON_BLOCKS = YES;
				GCC_OPTIMIZATION_LEVEL = 0;
				GCC_PREPROCESSOR_DEFINITIONS = (
					"DEBUG=1",
					"$(inherited)",
				);
				GCC_WARN_64_TO_32_BIT_CONVERSION = YES;
				GCC_WARN_ABOUT_RETURN_TYPE = YES_ERROR;
				GCC_WARN_UNDECLARED_SELECTOR = YES;
				GCC_WARN_UNINITIALIZED_AUTOS = YES_AGGRESSIVE;
				GCC_WARN_UNUSED_FUNCTION = YES;
				GCC_WARN_UNUSED_VARIABLE = YES;
				IPHONEOS_DEPLOYMENT_TARGET = 14.5;
				MTL_ENABLE_DEBUG_INFO = INCLUDE_SOURCE;
				MTL_FAST_MATH = YES;
				ONLY_ACTIVE_ARCH = YES;
				SDKROOT = iphoneos;
				SWIFT_ACTIVE_COMPILATION_CONDITIONS = DEBUG;
				SWIFT_OPTIMIZATION_LEVEL = "-Onone";
			};
			name = Debug;
		};
		A0D0B76327D6683E0049343F /* Release */ = {
			isa = XCBuildConfiguration;
			buildSettings = {
				ALWAYS_SEARCH_USER_PATHS = NO;
				CLANG_ANALYZER_NONNULL = YES;
				CLANG_ANALYZER_NUMBER_OBJECT_CONVERSION = YES_AGGRESSIVE;
				CLANG_CXX_LANGUAGE_STANDARD = "gnu++14";
				CLANG_CXX_LIBRARY = "libc++";
				CLANG_ENABLE_MODULES = YES;
				CLANG_ENABLE_OBJC_ARC = YES;
				CLANG_ENABLE_OBJC_WEAK = YES;
				CLANG_WARN_BLOCK_CAPTURE_AUTORELEASING = YES;
				CLANG_WARN_BOOL_CONVERSION = YES;
				CLANG_WARN_COMMA = YES;
				CLANG_WARN_CONSTANT_CONVERSION = YES;
				CLANG_WARN_DEPRECATED_OBJC_IMPLEMENTATIONS = YES;
				CLANG_WARN_DIRECT_OBJC_ISA_USAGE = YES_ERROR;
				CLANG_WARN_DOCUMENTATION_COMMENTS = YES;
				CLANG_WARN_EMPTY_BODY = YES;
				CLANG_WARN_ENUM_CONVERSION = YES;
				CLANG_WARN_INFINITE_RECURSION = YES;
				CLANG_WARN_INT_CONVERSION = YES;
				CLANG_WARN_NON_LITERAL_NULL_CONVERSION = YES;
				CLANG_WARN_OBJC_IMPLICIT_RETAIN_SELF = YES;
				CLANG_WARN_OBJC_LITERAL_CONVERSION = YES;
				CLANG_WARN_OBJC_ROOT_CLASS = YES_ERROR;
				CLANG_WARN_QUOTED_INCLUDE_IN_FRAMEWORK_HEADER = YES;
				CLANG_WARN_RANGE_LOOP_ANALYSIS = YES;
				CLANG_WARN_STRICT_PROTOTYPES = YES;
				CLANG_WARN_SUSPICIOUS_MOVE = YES;
				CLANG_WARN_UNGUARDED_AVAILABILITY = YES_AGGRESSIVE;
				CLANG_WARN_UNREACHABLE_CODE = YES;
				CLANG_WARN__DUPLICATE_METHOD_MATCH = YES;
				COPY_PHASE_STRIP = NO;
				DEBUG_INFORMATION_FORMAT = "dwarf-with-dsym";
				ENABLE_NS_ASSERTIONS = NO;
				ENABLE_STRICT_OBJC_MSGSEND = YES;
				GCC_C_LANGUAGE_STANDARD = gnu11;
				GCC_NO_COMMON_BLOCKS = YES;
				GCC_WARN_64_TO_32_BIT_CONVERSION = YES;
				GCC_WARN_ABOUT_RETURN_TYPE = YES_ERROR;
				GCC_WARN_UNDECLARED_SELECTOR = YES;
				GCC_WARN_UNINITIALIZED_AUTOS = YES_AGGRESSIVE;
				GCC_WARN_UNUSED_FUNCTION = YES;
				GCC_WARN_UNUSED_VARIABLE = YES;
				IPHONEOS_DEPLOYMENT_TARGET = 14.5;
				MTL_ENABLE_DEBUG_INFO = NO;
				MTL_FAST_MATH = YES;
				SDKROOT = iphoneos;
				SWIFT_COMPILATION_MODE = wholemodule;
				SWIFT_OPTIMIZATION_LEVEL = "-O";
				VALIDATE_PRODUCT = YES;
			};
			name = Release;
		};
		A0D0B76527D6683E0049343F /* Debug */ = {
			isa = XCBuildConfiguration;
			buildSettings = {
				ASSETCATALOG_COMPILER_APPICON_NAME = AppIcon;
				ASSETCATALOG_COMPILER_GLOBAL_ACCENT_COLOR_NAME = AccentColor;
				CODE_SIGN_STYLE = Automatic;
				DEVELOPMENT_TEAM = 69QP446KVW;
				INFOPLIST_FILE = Flights/Info.plist;
				LD_RUNPATH_SEARCH_PATHS = (
					"$(inherited)",
					"@executable_path/Frameworks",
				);
				PRODUCT_BUNDLE_IDENTIFIER = ru.ArsPaev.Flights;
				PRODUCT_NAME = "$(TARGET_NAME)";
				SWIFT_VERSION = 5.0;
				TARGETED_DEVICE_FAMILY = "1,2";
			};
			name = Debug;
		};
		A0D0B76627D6683E0049343F /* Release */ = {
			isa = XCBuildConfiguration;
			buildSettings = {
				ASSETCATALOG_COMPILER_APPICON_NAME = AppIcon;
				ASSETCATALOG_COMPILER_GLOBAL_ACCENT_COLOR_NAME = AccentColor;
				CODE_SIGN_STYLE = Automatic;
				DEVELOPMENT_TEAM = 69QP446KVW;
				INFOPLIST_FILE = Flights/Info.plist;
				LD_RUNPATH_SEARCH_PATHS = (
					"$(inherited)",
					"@executable_path/Frameworks",
				);
				PRODUCT_BUNDLE_IDENTIFIER = ru.ArsPaev.Flights;
				PRODUCT_NAME = "$(TARGET_NAME)";
				SWIFT_VERSION = 5.0;
				TARGETED_DEVICE_FAMILY = "1,2";
			};
			name = Release;
		};
		A0D0B76827D6683E0049343F /* Debug */ = {
			isa = XCBuildConfiguration;
			buildSettings = {
				ALWAYS_EMBED_SWIFT_STANDARD_LIBRARIES = YES;
				BUNDLE_LOADER = "$(TEST_HOST)";
				CODE_SIGN_STYLE = Automatic;
				DEVELOPMENT_TEAM = 69QP446KVW;
				INFOPLIST_FILE = FlightsTests/Info.plist;
				IPHONEOS_DEPLOYMENT_TARGET = 14.5;
				LD_RUNPATH_SEARCH_PATHS = (
					"$(inherited)",
					"@executable_path/Frameworks",
					"@loader_path/Frameworks",
				);
				PRODUCT_BUNDLE_IDENTIFIER = ru.ArsPaev.FlightsTests;
				PRODUCT_NAME = "$(TARGET_NAME)";
				SWIFT_VERSION = 5.0;
				TARGETED_DEVICE_FAMILY = "1,2";
				TEST_HOST = "$(BUILT_PRODUCTS_DIR)/Flights.app/Flights";
			};
			name = Debug;
		};
		A0D0B76927D6683E0049343F /* Release */ = {
			isa = XCBuildConfiguration;
			buildSettings = {
				ALWAYS_EMBED_SWIFT_STANDARD_LIBRARIES = YES;
				BUNDLE_LOADER = "$(TEST_HOST)";
				CODE_SIGN_STYLE = Automatic;
				DEVELOPMENT_TEAM = 69QP446KVW;
				INFOPLIST_FILE = FlightsTests/Info.plist;
				IPHONEOS_DEPLOYMENT_TARGET = 14.5;
				LD_RUNPATH_SEARCH_PATHS = (
					"$(inherited)",
					"@executable_path/Frameworks",
					"@loader_path/Frameworks",
				);
				PRODUCT_BUNDLE_IDENTIFIER = ru.ArsPaev.FlightsTests;
				PRODUCT_NAME = "$(TARGET_NAME)";
				SWIFT_VERSION = 5.0;
				TARGETED_DEVICE_FAMILY = "1,2";
				TEST_HOST = "$(BUILT_PRODUCTS_DIR)/Flights.app/Flights";
			};
			name = Release;
		};
		A0D0B76B27D6683E0049343F /* Debug */ = {
			isa = XCBuildConfiguration;
			buildSettings = {
				ALWAYS_EMBED_SWIFT_STANDARD_LIBRARIES = YES;
				CODE_SIGN_STYLE = Automatic;
				DEVELOPMENT_TEAM = 69QP446KVW;
				INFOPLIST_FILE = FlightsUITests/Info.plist;
				LD_RUNPATH_SEARCH_PATHS = (
					"$(inherited)",
					"@executable_path/Frameworks",
					"@loader_path/Frameworks",
				);
				PRODUCT_BUNDLE_IDENTIFIER = ru.ArsPaev.FlightsUITests;
				PRODUCT_NAME = "$(TARGET_NAME)";
				SWIFT_VERSION = 5.0;
				TARGETED_DEVICE_FAMILY = "1,2";
				TEST_TARGET_NAME = Flights;
			};
			name = Debug;
		};
		A0D0B76C27D6683E0049343F /* Release */ = {
			isa = XCBuildConfiguration;
			buildSettings = {
				ALWAYS_EMBED_SWIFT_STANDARD_LIBRARIES = YES;
				CODE_SIGN_STYLE = Automatic;
				DEVELOPMENT_TEAM = 69QP446KVW;
				INFOPLIST_FILE = FlightsUITests/Info.plist;
				LD_RUNPATH_SEARCH_PATHS = (
					"$(inherited)",
					"@executable_path/Frameworks",
					"@loader_path/Frameworks",
				);
				PRODUCT_BUNDLE_IDENTIFIER = ru.ArsPaev.FlightsUITests;
				PRODUCT_NAME = "$(TARGET_NAME)";
				SWIFT_VERSION = 5.0;
				TARGETED_DEVICE_FAMILY = "1,2";
				TEST_TARGET_NAME = Flights;
			};
			name = Release;
		};
/* End XCBuildConfiguration section */

/* Begin XCConfigurationList section */
		A0D0B73527D6683C0049343F /* Build configuration list for PBXProject "Flights" */ = {
			isa = XCConfigurationList;
			buildConfigurations = (
				A0D0B76227D6683E0049343F /* Debug */,
				A0D0B76327D6683E0049343F /* Release */,
			);
			defaultConfigurationIsVisible = 0;
			defaultConfigurationName = Release;
		};
		A0D0B76427D6683E0049343F /* Build configuration list for PBXNativeTarget "Flights" */ = {
			isa = XCConfigurationList;
			buildConfigurations = (
				A0D0B76527D6683E0049343F /* Debug */,
				A0D0B76627D6683E0049343F /* Release */,
			);
			defaultConfigurationIsVisible = 0;
			defaultConfigurationName = Release;
		};
		A0D0B76727D6683E0049343F /* Build configuration list for PBXNativeTarget "FlightsTests" */ = {
			isa = XCConfigurationList;
			buildConfigurations = (
				A0D0B76827D6683E0049343F /* Debug */,
				A0D0B76927D6683E0049343F /* Release */,
			);
			defaultConfigurationIsVisible = 0;
			defaultConfigurationName = Release;
		};
		A0D0B76A27D6683E0049343F /* Build configuration list for PBXNativeTarget "FlightsUITests" */ = {
			isa = XCConfigurationList;
			buildConfigurations = (
				A0D0B76B27D6683E0049343F /* Debug */,
				A0D0B76C27D6683E0049343F /* Release */,
			);
			defaultConfigurationIsVisible = 0;
			defaultConfigurationName = Release;
		};
/* End XCConfigurationList section */

/* Begin XCRemoteSwiftPackageReference section */
		A08F4BAA27DCC1A700D72A97 /* XCRemoteSwiftPackageReference "Hero" */ = {
			isa = XCRemoteSwiftPackageReference;
			repositoryURL = "https://github.com/HeroTransitions/Hero.git";
			requirement = {
				kind = upToNextMajorVersion;
				minimumVersion = 1.6.1;
			};
		};
/* End XCRemoteSwiftPackageReference section */

/* Begin XCSwiftPackageProductDependency section */
		A08F4BAB27DCC1A700D72A97 /* Hero */ = {
			isa = XCSwiftPackageProductDependency;
			package = A08F4BAA27DCC1A700D72A97 /* XCRemoteSwiftPackageReference "Hero" */;
			productName = Hero;
		};
/* End XCSwiftPackageProductDependency section */
	};
	rootObject = A0D0B73227D6683C0049343F /* Project object */;
}
